{
  "name": "xo_javascript",
  "version": "1.0.0",
  "lockfileVersion": 2,
  "requires": true,
  "packages": {
    "": {
      "name": "xo_javascript",
      "version": "1.0.0",
      "license": "Apache-2.0",
      "dependencies": {
        "cbor": "^3.0.0",
        "entity_shared": "file:../entity_shared",
        "sawtooth-sdk": "file:../sawtooth-sdk-javascript-main",
        "text-encoding": "^0.6.4"
      },
      "devDependencies": {
        "@types/node": "^17.0.21",
        "typescript": "^4.6.2"
      }
    },
    "../entity_shared": {
      "version": "1.0.0",
      "license": "Apache-2.0",
      "devDependencies": {
        "@types/node": "^17.0.21",
        "typescript": "^4.6.2"
      }
    },
    "../sawtooth-sdk-javascript-main": {
      "name": "sawtooth-sdk",
      "version": "1.0.4",
      "license": "Apache-2.0",
      "dependencies": {
        "protobufjs": "^6.7.3",
        "secp256k1": "^3.2.5",
        "uuid": "^3.0.1",
        "zeromq": "^5.2.8"
      },
      "devDependencies": {
        "mocha": "^3.2.0",
        "standard": "^8.6.0",
        "underscore": "^1.8.3"
      }
    },
    "node_modules/@types/node": {
      "version": "17.0.21",
      "resolved": "https://registry.npmjs.org/@types/node/-/node-17.0.21.tgz",
      "integrity": "sha512-DBZCJbhII3r90XbQxI8Y9IjjiiOGlZ0Hr32omXIZvwwZ7p4DMMXGrKXVyPfuoBOri9XNtL0UK69jYIBIsRX3QQ==",
      "dev": true
    },
    "node_modules/bignumber.js": {
      "version": "4.1.0",
      "resolved": "https://registry.npmjs.org/bignumber.js/-/bignumber.js-4.1.0.tgz",
      "integrity": "sha512-eJzYkFYy9L4JzXsbymsFn3p54D+llV27oTQ+ziJG7WFRheJcNZilgVXMG0LoZtlQSKBsJdWtLFqOD0u+U0jZKA==",
      "engines": {
        "node": "*"
      }
    },
    "node_modules/cbor": {
      "version": "3.0.3",
      "resolved": "https://registry.npmjs.org/cbor/-/cbor-3.0.3.tgz",
      "integrity": "sha512-+UY2FhD8w4GCp8QzP2a3eW0NRTFh2BaXn6t/sVYtGzKJAl0LL8nwma7qzIwmojq7jMF94X5DVfBUeIj8BBHBqA==",
      "dependencies": {
        "bignumber.js": "^4.0",
        "commander": "^2.11",
        "json-text-sequence": "^0.1",
        "nofilter": "^0.0.3"
      },
      "bin": {
        "cbor2comment": "bin/cbor2comment",
        "cbor2diag": "bin/cbor2diag",
        "cbor2json": "bin/cbor2json",
        "json2cbor": "bin/json2cbor"
      },
      "engines": {
        "node": ">=4"
      }
    },
    "node_modules/commander": {
      "version": "2.20.3",
      "resolved": "https://registry.npmjs.org/commander/-/commander-2.20.3.tgz",
      "integrity": "sha512-GpVkmM8vF2vQUkj2LvZmD35JxeJOLCwJ9cUkugyk2nuhbv3+mJvpLYYt+0+USMxE+oj+ey/lJEnhZw75x/OMcQ=="
    },
    "node_modules/delimit-stream": {
      "version": "0.1.0",
      "resolved": "https://registry.npmjs.org/delimit-stream/-/delimit-stream-0.1.0.tgz",
      "integrity": "sha1-m4MZR3wOX4rrPONXrjBfwl6hzSs="
    },
    "node_modules/entity_shared": {
      "resolved": "../entity_shared",
      "link": true
    },
    "node_modules/json-text-sequence": {
      "version": "0.1.1",
      "resolved": "https://registry.npmjs.org/json-text-sequence/-/json-text-sequence-0.1.1.tgz",
      "integrity": "sha1-py8hfcSvxGKf/1/rME3BvVGi89I=",
      "dependencies": {
        "delimit-stream": "0.1.0"
      }
    },
    "node_modules/nofilter": {
      "version": "0.0.3",
      "resolved": "https://registry.npmjs.org/nofilter/-/nofilter-0.0.3.tgz",
      "integrity": "sha1-JB40IHgXeoaTowQ+g/N1Z+J2QQw="
    },
    "node_modules/sawtooth-sdk": {
      "resolved": "../sawtooth-sdk-javascript-main",
      "link": true
    },
    "node_modules/text-encoding": {
      "version": "0.6.4",
      "resolved": "https://registry.npmjs.org/text-encoding/-/text-encoding-0.6.4.tgz",
      "integrity": "sha1-45mpgiV6J22uQou5KEXLcb3CbRk=",
      "deprecated": "no longer maintained"
    },
    "node_modules/typescript": {
      "version": "4.6.2",
      "resolved": "https://registry.npmjs.org/typescript/-/typescript-4.6.2.tgz",
      "integrity": "sha512-HM/hFigTBHZhLXshn9sN37H085+hQGeJHJ/X7LpBWLID/fbc2acUMfU+lGD98X81sKP+pFa9f0DZmCwB9GnbAg==",
      "dev": true,
      "bin": {
        "tsc": "bin/tsc",
        "tsserver": "bin/tsserver"
      },
      "engines": {
        "node": ">=4.2.0"
      }
    }
  },
  "dependencies": {
    "@types/node": {
      "version": "17.0.21",
      "resolved": "https://registry.npmjs.org/@types/node/-/node-17.0.21.tgz",
      "integrity": "sha512-DBZCJbhII3r90XbQxI8Y9IjjiiOGlZ0Hr32omXIZvwwZ7p4DMMXGrKXVyPfuoBOri9XNtL0UK69jYIBIsRX3QQ==",
      "dev": true
    },
    "bignumber.js": {
      "version": "4.1.0",
      "resolved": "https://registry.npmjs.org/bignumber.js/-/bignumber.js-4.1.0.tgz",
      "integrity": "sha512-eJzYkFYy9L4JzXsbymsFn3p54D+llV27oTQ+ziJG7WFRheJcNZilgVXMG0LoZtlQSKBsJdWtLFqOD0u+U0jZKA=="
    },
    "cbor": {
      "version": "3.0.3",
      "resolved": "https://registry.npmjs.org/cbor/-/cbor-3.0.3.tgz",
      "integrity": "sha512-+UY2FhD8w4GCp8QzP2a3eW0NRTFh2BaXn6t/sVYtGzKJAl0LL8nwma7qzIwmojq7jMF94X5DVfBUeIj8BBHBqA==",
      "requires": {
        "bignumber.js": "^4.0",
        "commander": "^2.11",
        "json-text-sequence": "^0.1",
        "nofilter": "^0.0.3"
      }
    },
    "commander": {
      "version": "2.20.3",
      "resolved": "https://registry.npmjs.org/commander/-/commander-2.20.3.tgz",
      "integrity": "sha512-GpVkmM8vF2vQUkj2LvZmD35JxeJOLCwJ9cUkugyk2nuhbv3+mJvpLYYt+0+USMxE+oj+ey/lJEnhZw75x/OMcQ=="
    },
    "delimit-stream": {
      "version": "0.1.0",
      "resolved": "https://registry.npmjs.org/delimit-stream/-/delimit-stream-0.1.0.tgz",
      "integrity": "sha1-m4MZR3wOX4rrPONXrjBfwl6hzSs="
    },
    "entity_shared": {
      "version": "file:../entity_shared",
      "requires": {
        "@types/node": "^17.0.21",
        "typescript": "^4.6.2"
      }
    },
    "json-text-sequence": {
      "version": "0.1.1",
      "resolved": "https://registry.npmjs.org/json-text-sequence/-/json-text-sequence-0.1.1.tgz",
      "integrity": "sha1-py8hfcSvxGKf/1/rME3BvVGi89I=",
      "requires": {
        "delimit-stream": "0.1.0"
      }
    },
    "nofilter": {
      "version": "0.0.3",
      "resolved": "https://registry.npmjs.org/nofilter/-/nofilter-0.0.3.tgz",
      "integrity": "sha1-JB40IHgXeoaTowQ+g/N1Z+J2QQw="
    },
    "sawtooth-sdk": {
      "version": "file:../sawtooth-sdk-javascript-main",
      "requires": {
        "mocha": "^3.2.0",
        "protobufjs": "^6.7.3",
        "secp256k1": "^3.2.5",
        "standard": "^8.6.0",
        "underscore": "^1.8.3",
        "uuid": "^3.0.1",
        "zeromq": "^5.2.8"
      }
    },
    "text-encoding": {
      "version": "0.6.4",
      "resolved": "https://registry.npmjs.org/text-encoding/-/text-encoding-0.6.4.tgz",
      "integrity": "sha1-45mpgiV6J22uQou5KEXLcb3CbRk="
    },
    "typescript": {
      "version": "4.6.2",
      "resolved": "https://registry.npmjs.org/typescript/-/typescript-4.6.2.tgz",
      "integrity": "sha512-HM/hFigTBHZhLXshn9sN37H085+hQGeJHJ/X7LpBWLID/fbc2acUMfU+lGD98X81sKP+pFa9f0DZmCwB9GnbAg==",
      "dev": true
    }
  }
}
