
Microsoft Visual Studio Solution File, Format Version 12.00
Project("{FAE04EC0-301F-11D3-BF4B-00C04F79EFBC}") = "ZmqExperiment", "ZmqExperiment\ZmqExperiment.csproj", "{78E476AE-6A58-4214-A6F8-5B888CB50308}"
EndProject
Global
	GlobalSection(SolutionConfigurationPlatforms) = preSolution
		Debug|Any CPU = Debug|Any CPU
		Release|Any CPU = Release|Any CPU
	EndGlobalSection
	GlobalSection(ProjectConfigurationPlatforms) = postSolution
		{78E476AE-6A58-4214-A6F8-5B888CB50308}.Debug|Any CPU.ActiveCfg = Debug|Any CPU
		{78E476AE-6A58-4214-A6F8-5B888CB50308}.Debug|Any CPU.Build.0 = Debug|Any CPU
		{78E476AE-6A58-4214-A6F8-5B888CB50308}.Release|Any CPU.ActiveCfg = Release|Any CPU
		{78E476AE-6A58-4214-A6F8-5B888CB50308}.Release|Any CPU.Build.0 = Release|Any CPU
	EndGlobalSection
EndGlobal
